// !$*UTF8*$!
{
	archiveVersion = 1;
	classes = {
	};
	objectVersion = 46;
	objects = {

/* Begin PBXBuildFile section */
		9D17FBA61A81D678004C0CA0 /* kure-pu.jpg in Resources */ = {isa = PBXBuildFile; fileRef = 9D17FB9F1A81D678004C0CA0 /* kure-pu.jpg */; };
		9D17FBA71A81D678004C0CA0 /* kori.jpeg in Resources */ = {isa = PBXBuildFile; fileRef = 9D17FBA01A81D678004C0CA0 /* kori.jpeg */; };
		9D17FBA81A81D678004C0CA0 /* drink.jpg in Resources */ = {isa = PBXBuildFile; fileRef = 9D17FBA11A81D678004C0CA0 /* drink.jpg */; };
		9D17FBA91A81D678004C0CA0 /* banana.jpeg in Resources */ = {isa = PBXBuildFile; fileRef = 9D17FBA21A81D678004C0CA0 /* banana.jpeg */; };
		9D17FBAA1A81D678004C0CA0 /* okonomiyaki.jpg in Resources */ = {isa = PBXBuildFile; fileRef = 9D17FBA31A81D678004C0CA0 /* okonomiyaki.jpg */; };
		9D17FBAB1A81D678004C0CA0 /* frankfrut.jpg in Resources */ = {isa = PBXBuildFile; fileRef = 9D17FBA41A81D678004C0CA0 /* frankfrut.jpg */; };
		9D17FBAC1A81D678004C0CA0 /* wataame.jpg in Resources */ = {isa = PBXBuildFile; fileRef = 9D17FBA51A81D678004C0CA0 /* wataame.jpg */; };
		9D17FBAF1A81E12F004C0CA0 /* exhibitonViewController.m in Sources */ = {isa = PBXBuildFile; fileRef = 9D17FBAE1A81E12F004C0CA0 /* exhibitonViewController.m */; };
		9D17FBB21A83A081004C0CA0 /* exhibitionCell.m in Sources */ = {isa = PBXBuildFile; fileRef = 9D17FBB11A83A081004C0CA0 /* exhibitionCell.m */; };
		9D1DB3961A5D445200126078 /* 聖光祭　ロゴ.png in Resources */ = {isa = PBXBuildFile; fileRef = 9D1DB3951A5D445200126078 /* 聖光祭　ロゴ.png */; };
		9D293F6E1AB19FA900E3EE29 /* アプリ趣味研素材-01.png in Resources */ = {isa = PBXBuildFile; fileRef = 9D293F441AB19FA900E3EE29 /* アプリ趣味研素材-01.png */; };
		9D293F6F1AB19FA900E3EE29 /* アプリ趣味研素材-02.png in Resources */ = {isa = PBXBuildFile; fileRef = 9D293F451AB19FA900E3EE29 /* アプリ趣味研素材-02.png */; };
		9D293F701AB19FA900E3EE29 /* アプリ趣味研素材-03.png in Resources */ = {isa = PBXBuildFile; fileRef = 9D293F461AB19FA900E3EE29 /* アプリ趣味研素材-03.png */; };
		9D293F711AB19FA900E3EE29 /* アプリ趣味研素材-04.png in Resources */ = {isa = PBXBuildFile; fileRef = 9D293F471AB19FA900E3EE29 /* アプリ趣味研素材-04.png */; };
		9D293F721AB19FA900E3EE29 /* アプリ趣味研素材-05.png in Resources */ = {isa = PBXBuildFile; fileRef = 9D293F481AB19FA900E3EE29 /* アプリ趣味研素材-05.png */; };
		9D293F731AB19FA900E3EE29 /* アプリ趣味研素材-06.png in Resources */ = {isa = PBXBuildFile; fileRef = 9D293F491AB19FA900E3EE29 /* アプリ趣味研素材-06.png */; };
		9D293F741AB19FA900E3EE29 /* アプリ趣味研素材-07.png in Resources */ = {isa = PBXBuildFile; fileRef = 9D293F4A1AB19FA900E3EE29 /* アプリ趣味研素材-07.png */; };
		9D293F751AB19FA900E3EE29 /* アプリ趣味研素材-08.png in Resources */ = {isa = PBXBuildFile; fileRef = 9D293F4B1AB19FA900E3EE29 /* アプリ趣味研素材-08.png */; };
		9D293F761AB19FA900E3EE29 /* アプリ趣味研素材-09.png in Resources */ = {isa = PBXBuildFile; fileRef = 9D293F4C1AB19FA900E3EE29 /* アプリ趣味研素材-09.png */; };
		9D293F771AB19FA900E3EE29 /* アプリ趣味研素材-10.png in Resources */ = {isa = PBXBuildFile; fileRef = 9D293F4D1AB19FA900E3EE29 /* アプリ趣味研素材-10.png */; };
		9D293F781AB19FA900E3EE29 /* アプリ趣味研素材-11.png in Resources */ = {isa = PBXBuildFile; fileRef = 9D293F4E1AB19FA900E3EE29 /* アプリ趣味研素材-11.png */; };
		9D293F791AB19FA900E3EE29 /* アプリ趣味研素材-12.png in Resources */ = {isa = PBXBuildFile; fileRef = 9D293F4F1AB19FA900E3EE29 /* アプリ趣味研素材-12.png */; };
		9D293F7A1AB19FA900E3EE29 /* アプリ趣味研素材-13.png in Resources */ = {isa = PBXBuildFile; fileRef = 9D293F501AB19FA900E3EE29 /* アプリ趣味研素材-13.png */; };
		9D293F7B1AB19FA900E3EE29 /* アプリ趣味研素材-14.png in Resources */ = {isa = PBXBuildFile; fileRef = 9D293F511AB19FA900E3EE29 /* アプリ趣味研素材-14.png */; };
		9D293F7C1AB19FA900E3EE29 /* アプリ趣味研素材-15.png in Resources */ = {isa = PBXBuildFile; fileRef = 9D293F521AB19FA900E3EE29 /* アプリ趣味研素材-15.png */; };
		9D293F7D1AB19FA900E3EE29 /* アプリ趣味研素材-16.png in Resources */ = {isa = PBXBuildFile; fileRef = 9D293F531AB19FA900E3EE29 /* アプリ趣味研素材-16.png */; };
		9D293F7E1AB19FA900E3EE29 /* アプリ趣味研素材-17.png in Resources */ = {isa = PBXBuildFile; fileRef = 9D293F541AB19FA900E3EE29 /* アプリ趣味研素材-17.png */; };
		9D293F7F1AB19FA900E3EE29 /* アプリ趣味研素材-18.png in Resources */ = {isa = PBXBuildFile; fileRef = 9D293F551AB19FA900E3EE29 /* アプリ趣味研素材-18.png */; };
		9D293F801AB19FA900E3EE29 /* アプリ趣味研素材-19.png in Resources */ = {isa = PBXBuildFile; fileRef = 9D293F561AB19FA900E3EE29 /* アプリ趣味研素材-19.png */; };
		9D293F811AB19FA900E3EE29 /* アプリ趣味研素材-20.png in Resources */ = {isa = PBXBuildFile; fileRef = 9D293F571AB19FA900E3EE29 /* アプリ趣味研素材-20.png */; };
		9D293F821AB19FA900E3EE29 /* アプリ趣味研素材-21.png in Resources */ = {isa = PBXBuildFile; fileRef = 9D293F581AB19FA900E3EE29 /* アプリ趣味研素材-21.png */; };
		9D293F831AB19FA900E3EE29 /* アプリ趣味研素材-22.png in Resources */ = {isa = PBXBuildFile; fileRef = 9D293F591AB19FA900E3EE29 /* アプリ趣味研素材-22.png */; };
		9D293F851AB19FA900E3EE29 /* アプリ趣味研素材-24.png in Resources */ = {isa = PBXBuildFile; fileRef = 9D293F5B1AB19FA900E3EE29 /* アプリ趣味研素材-24.png */; };
		9D293F861AB19FA900E3EE29 /* アプリ趣味研素材-25.png in Resources */ = {isa = PBXBuildFile; fileRef = 9D293F5C1AB19FA900E3EE29 /* アプリ趣味研素材-25.png */; };
		9D293F871AB19FA900E3EE29 /* アプリ趣味研素材-26.png in Resources */ = {isa = PBXBuildFile; fileRef = 9D293F5D1AB19FA900E3EE29 /* アプリ趣味研素材-26.png */; };
		9D293F881AB19FA900E3EE29 /* アプリ趣味研素材-27.png in Resources */ = {isa = PBXBuildFile; fileRef = 9D293F5E1AB19FA900E3EE29 /* アプリ趣味研素材-27.png */; };
		9D293F891AB19FA900E3EE29 /* アプリ趣味研素材-28.png in Resources */ = {isa = PBXBuildFile; fileRef = 9D293F5F1AB19FA900E3EE29 /* アプリ趣味研素材-28.png */; };
		9D293F8A1AB19FA900E3EE29 /* アプリ趣味研素材-29.png in Resources */ = {isa = PBXBuildFile; fileRef = 9D293F601AB19FA900E3EE29 /* アプリ趣味研素材-29.png */; };
		9D293F8B1AB19FA900E3EE29 /* アプリ趣味研素材-30.png in Resources */ = {isa = PBXBuildFile; fileRef = 9D293F611AB19FA900E3EE29 /* アプリ趣味研素材-30.png */; };
		9D293F8C1AB19FA900E3EE29 /* アプリ趣味研素材-31.png in Resources */ = {isa = PBXBuildFile; fileRef = 9D293F621AB19FA900E3EE29 /* アプリ趣味研素材-31.png */; };
		9D293F8D1AB19FA900E3EE29 /* アプリ趣味研素材-32.png in Resources */ = {isa = PBXBuildFile; fileRef = 9D293F631AB19FA900E3EE29 /* アプリ趣味研素材-32.png */; };
		9D293F8E1AB19FA900E3EE29 /* アプリ趣味研素材-33.png in Resources */ = {isa = PBXBuildFile; fileRef = 9D293F641AB19FA900E3EE29 /* アプリ趣味研素材-33.png */; };
		9D293F8F1AB19FA900E3EE29 /* アプリ趣味研素材-34.png in Resources */ = {isa = PBXBuildFile; fileRef = 9D293F651AB19FA900E3EE29 /* アプリ趣味研素材-34.png */; };
		9D293F901AB19FA900E3EE29 /* アプリ趣味研素材-35.png in Resources */ = {isa = PBXBuildFile; fileRef = 9D293F661AB19FA900E3EE29 /* アプリ趣味研素材-35.png */; };
		9D293F911AB19FA900E3EE29 /* アプリ趣味研素材-36.png in Resources */ = {isa = PBXBuildFile; fileRef = 9D293F671AB19FA900E3EE29 /* アプリ趣味研素材-36.png */; };
		9D293F921AB19FA900E3EE29 /* アプリ趣味研素材-37.png in Resources */ = {isa = PBXBuildFile; fileRef = 9D293F681AB19FA900E3EE29 /* アプリ趣味研素材-37.png */; };
		9D293F931AB19FA900E3EE29 /* アプリ趣味研素材-38.png in Resources */ = {isa = PBXBuildFile; fileRef = 9D293F691AB19FA900E3EE29 /* アプリ趣味研素材-38.png */; };
		9D293F941AB19FA900E3EE29 /* アプリ趣味研素材-39.png in Resources */ = {isa = PBXBuildFile; fileRef = 9D293F6A1AB19FA900E3EE29 /* アプリ趣味研素材-39.png */; };
		9D293F951AB19FA900E3EE29 /* アプリ趣味研素材-40.png in Resources */ = {isa = PBXBuildFile; fileRef = 9D293F6B1AB19FA900E3EE29 /* アプリ趣味研素材-40.png */; };
		9D293F961AB19FA900E3EE29 /* アプリ趣味研素材-41.png in Resources */ = {isa = PBXBuildFile; fileRef = 9D293F6C1AB19FA900E3EE29 /* アプリ趣味研素材-41.png */; };
		9D3B060A1A89D51A00E30A9F /* foodViewController.m in Sources */ = {isa = PBXBuildFile; fileRef = 9D3B06091A89D51A00E30A9F /* foodViewController.m */; };
		9D3B060C1A89DD2900E30A9F /* Main.storyboard in Resources */ = {isa = PBXBuildFile; fileRef = 9D3B060B1A89DD2900E30A9F /* Main.storyboard */; };
		9D3B060F1A8A11C600E30A9F /* fooddetailViewController.m in Sources */ = {isa = PBXBuildFile; fileRef = 9D3B060E1A8A11C600E30A9F /* fooddetailViewController.m */; };
		9D4873891A8F551F0038F8EA /* ExhibitonDetailViewController.m in Sources */ = {isa = PBXBuildFile; fileRef = 9D4873881A8F551F0038F8EA /* ExhibitonDetailViewController.m */; };
		9D52EB331A9349BE0099A416 /* PosterCell.m in Sources */ = {isa = PBXBuildFile; fileRef = 9D52EB321A9349BE0099A416 /* PosterCell.m */; };
		9D5434DD1A80DA2200FE3C94 /* foodCell.m in Sources */ = {isa = PBXBuildFile; fileRef = 9D5434DC1A80DA2200FE3C94 /* foodCell.m */; };
		9D558575198383220018B460 /* Foundation.framework in Frameworks */ = {isa = PBXBuildFile; fileRef = 9D558574198383220018B460 /* Foundation.framework */; };
		9D558577198383220018B460 /* CoreGraphics.framework in Frameworks */ = {isa = PBXBuildFile; fileRef = 9D558576198383220018B460 /* CoreGraphics.framework */; };
		9D558579198383220018B460 /* UIKit.framework in Frameworks */ = {isa = PBXBuildFile; fileRef = 9D558578198383220018B460 /* UIKit.framework */; };
		9D55857F198383220018B460 /* InfoPlist.strings in Resources */ = {isa = PBXBuildFile; fileRef = 9D55857D198383220018B460 /* InfoPlist.strings */; };
		9D558581198383220018B460 /* main.m in Sources */ = {isa = PBXBuildFile; fileRef = 9D558580198383220018B460 /* main.m */; };
		9D558585198383220018B460 /* AppDelegate.m in Sources */ = {isa = PBXBuildFile; fileRef = 9D558584198383220018B460 /* AppDelegate.m */; };
		9D55858B198383220018B460 /* ViewController.m in Sources */ = {isa = PBXBuildFile; fileRef = 9D55858A198383220018B460 /* ViewController.m */; };
		9D55858D198383220018B460 /* Images.xcassets in Resources */ = {isa = PBXBuildFile; fileRef = 9D55858C198383220018B460 /* Images.xcassets */; };
		9D558594198383220018B460 /* XCTest.framework in Frameworks */ = {isa = PBXBuildFile; fileRef = 9D558593198383220018B460 /* XCTest.framework */; };
		9D558595198383220018B460 /* Foundation.framework in Frameworks */ = {isa = PBXBuildFile; fileRef = 9D558574198383220018B460 /* Foundation.framework */; };
		9D558596198383220018B460 /* UIKit.framework in Frameworks */ = {isa = PBXBuildFile; fileRef = 9D558578198383220018B460 /* UIKit.framework */; };
		9D55859E198383220018B460 /* InfoPlist.strings in Resources */ = {isa = PBXBuildFile; fileRef = 9D55859C198383220018B460 /* InfoPlist.strings */; };
		9D5585A0198383220018B460 /* SeikoFestaappTests.m in Sources */ = {isa = PBXBuildFile; fileRef = 9D55859F198383220018B460 /* SeikoFestaappTests.m */; };
		9D569E851A9C720C0060C361 /* TimetableViewController.m in Sources */ = {isa = PBXBuildFile; fileRef = 9D569E841A9C720C0060C361 /* TimetableViewController.m */; };
		9D569E881A9C73760060C361 /* TimetableDetailViewController.m in Sources */ = {isa = PBXBuildFile; fileRef = 9D569E871A9C73760060C361 /* TimetableDetailViewController.m */; };
		9D569E8C1A9C74530060C361 /* concerts.jpg in Resources */ = {isa = PBXBuildFile; fileRef = 9D569E891A9C74530060C361 /* concerts.jpg */; };
		9D569E8D1A9C74530060C361 /* Timetable-Image.png in Resources */ = {isa = PBXBuildFile; fileRef = 9D569E8A1A9C74530060C361 /* Timetable-Image.png */; };
		9D569E8E1A9C74530060C361 /* Timetable-4-inch.png in Resources */ = {isa = PBXBuildFile; fileRef = 9D569E8B1A9C74530060C361 /* Timetable-4-inch.png */; };
		9D5DFC741AA5C34200AE2E49 /* MBInfiniteScrollCollectionView.m in Sources */ = {isa = PBXBuildFile; fileRef = 9D5DFC711AA5C34200AE2E49 /* MBInfiniteScrollCollectionView.m */; };
		9D5DFC751AA5C34200AE2E49 /* MBInfiniteScrollCollectionViewLayout.m in Sources */ = {isa = PBXBuildFile; fileRef = 9D5DFC731AA5C34200AE2E49 /* MBInfiniteScrollCollectionViewLayout.m */; };
		9D62D6911AB9140C00E8259C /* InfinitePagingView.m in Sources */ = {isa = PBXBuildFile; fileRef = 9D62D6901AB9140C00E8259C /* InfinitePagingView.m */; };
		9D879C951A77A2DC009F04F5 /* ゲリラダンス.png in Resources */ = {isa = PBXBuildFile; fileRef = 9D879C941A77A2DC009F04F5 /* ゲリラダンス.png */; };
		9D9498EC1A653CBE001B73E9 /* yakitori.jpg in Resources */ = {isa = PBXBuildFile; fileRef = 9D9498E91A653CBE001B73E9 /* yakitori.jpg */; };
		9D9498ED1A653CBE001B73E9 /* kebabu.jpeg in Resources */ = {isa = PBXBuildFile; fileRef = 9D9498EA1A653CBE001B73E9 /* kebabu.jpeg */; };
		9D9498EE1A653CBE001B73E9 /* yakisoba.jpg in Resources */ = {isa = PBXBuildFile; fileRef = 9D9498EB1A653CBE001B73E9 /* yakisoba.jpg */; };
		9DB1AA7E1AB822ED00D389F8 /* アプリ素材仮１.png in Resources */ = {isa = PBXBuildFile; fileRef = 9DB1AA7D1AB822ED00D389F8 /* アプリ素材仮１.png */; };
		9DB1AA841AB8269B00D389F8 /* ボタン２.png in Resources */ = {isa = PBXBuildFile; fileRef = 9DB1AA7F1AB8269B00D389F8 /* ボタン２.png */; };
		9DB1AA851AB8269B00D389F8 /* ボタン１.png in Resources */ = {isa = PBXBuildFile; fileRef = 9DB1AA801AB8269B00D389F8 /* ボタン１.png */; };
		9DB1AA861AB8269B00D389F8 /* ボタン３.png in Resources */ = {isa = PBXBuildFile; fileRef = 9DB1AA811AB8269B00D389F8 /* ボタン３.png */; };
		9DB1AA871AB8269B00D389F8 /* ボタン５.png in Resources */ = {isa = PBXBuildFile; fileRef = 9DB1AA821AB8269B00D389F8 /* ボタン５.png */; };
		9DB1AA881AB8269B00D389F8 /* ボタン４.png in Resources */ = {isa = PBXBuildFile; fileRef = 9DB1AA831AB8269B00D389F8 /* ボタン４.png */; };
/* End PBXBuildFile section */

/* Begin PBXContainerItemProxy section */
		9D558597198383220018B460 /* PBXContainerItemProxy */ = {
			isa = PBXContainerItemProxy;
			containerPortal = 9D558569198383220018B460 /* Project object */;
			proxyType = 1;
			remoteGlobalIDString = 9D558570198383220018B460;
			remoteInfo = SeikoFestaapp;
		};
/* End PBXContainerItemProxy section */

/* Begin PBXFileReference section */
		9D17FB9F1A81D678004C0CA0 /* kure-pu.jpg */ = {isa = PBXFileReference; lastKnownFileType = image.jpeg; path = "kure-pu.jpg"; sourceTree = "<group>"; };
		9D17FBA01A81D678004C0CA0 /* kori.jpeg */ = {isa = PBXFileReference; lastKnownFileType = image.jpeg; path = kori.jpeg; sourceTree = "<group>"; };
		9D17FBA11A81D678004C0CA0 /* drink.jpg */ = {isa = PBXFileReference; lastKnownFileType = image.jpeg; path = drink.jpg; sourceTree = "<group>"; };
		9D17FBA21A81D678004C0CA0 /* banana.jpeg */ = {isa = PBXFileReference; lastKnownFileType = image.jpeg; path = banana.jpeg; sourceTree = "<group>"; };
		9D17FBA31A81D678004C0CA0 /* okonomiyaki.jpg */ = {isa = PBXFileReference; lastKnownFileType = image.jpeg; path = okonomiyaki.jpg; sourceTree = "<group>"; };
		9D17FBA41A81D678004C0CA0 /* frankfrut.jpg */ = {isa = PBXFileReference; lastKnownFileType = image.jpeg; path = frankfrut.jpg; sourceTree = "<group>"; };
		9D17FBA51A81D678004C0CA0 /* wataame.jpg */ = {isa = PBXFileReference; lastKnownFileType = image.jpeg; path = wataame.jpg; sourceTree = "<group>"; };
		9D17FBAD1A81E12F004C0CA0 /* exhibitonViewController.h */ = {isa = PBXFileReference; fileEncoding = 4; lastKnownFileType = sourcecode.c.h; path = exhibitonViewController.h; sourceTree = "<group>"; };
		9D17FBAE1A81E12F004C0CA0 /* exhibitonViewController.m */ = {isa = PBXFileReference; fileEncoding = 4; lastKnownFileType = sourcecode.c.objc; path = exhibitonViewController.m; sourceTree = "<group>"; };
		9D17FBB01A83A081004C0CA0 /* exhibitionCell.h */ = {isa = PBXFileReference; fileEncoding = 4; lastKnownFileType = sourcecode.c.h; path = exhibitionCell.h; sourceTree = "<group>"; };
		9D17FBB11A83A081004C0CA0 /* exhibitionCell.m */ = {isa = PBXFileReference; fileEncoding = 4; lastKnownFileType = sourcecode.c.objc; path = exhibitionCell.m; sourceTree = "<group>"; };
		9D1DB3951A5D445200126078 /* 聖光祭　ロゴ.png */ = {isa = PBXFileReference; lastKnownFileType = image.png; path = "聖光祭　ロゴ.png"; sourceTree = "<group>"; };
		9D293F441AB19FA900E3EE29 /* アプリ趣味研素材-01.png */ = {isa = PBXFileReference; lastKnownFileType = image.png; path = "アプリ趣味研素材-01.png"; sourceTree = "<group>"; };
		9D293F451AB19FA900E3EE29 /* アプリ趣味研素材-02.png */ = {isa = PBXFileReference; lastKnownFileType = image.png; path = "アプリ趣味研素材-02.png"; sourceTree = "<group>"; };
		9D293F461AB19FA900E3EE29 /* アプリ趣味研素材-03.png */ = {isa = PBXFileReference; lastKnownFileType = image.png; path = "アプリ趣味研素材-03.png"; sourceTree = "<group>"; };
		9D293F471AB19FA900E3EE29 /* アプリ趣味研素材-04.png */ = {isa = PBXFileReference; lastKnownFileType = image.png; path = "アプリ趣味研素材-04.png"; sourceTree = "<group>"; };
		9D293F481AB19FA900E3EE29 /* アプリ趣味研素材-05.png */ = {isa = PBXFileReference; lastKnownFileType = image.png; path = "アプリ趣味研素材-05.png"; sourceTree = "<group>"; };
		9D293F491AB19FA900E3EE29 /* アプリ趣味研素材-06.png */ = {isa = PBXFileReference; lastKnownFileType = image.png; path = "アプリ趣味研素材-06.png"; sourceTree = "<group>"; };
		9D293F4A1AB19FA900E3EE29 /* アプリ趣味研素材-07.png */ = {isa = PBXFileReference; lastKnownFileType = image.png; path = "アプリ趣味研素材-07.png"; sourceTree = "<group>"; };
		9D293F4B1AB19FA900E3EE29 /* アプリ趣味研素材-08.png */ = {isa = PBXFileReference; lastKnownFileType = image.png; path = "アプリ趣味研素材-08.png"; sourceTree = "<group>"; };
		9D293F4C1AB19FA900E3EE29 /* アプリ趣味研素材-09.png */ = {isa = PBXFileReference; lastKnownFileType = image.png; path = "アプリ趣味研素材-09.png"; sourceTree = "<group>"; };
		9D293F4D1AB19FA900E3EE29 /* アプリ趣味研素材-10.png */ = {isa = PBXFileReference; lastKnownFileType = image.png; path = "アプリ趣味研素材-10.png"; sourceTree = "<group>"; };
		9D293F4E1AB19FA900E3EE29 /* アプリ趣味研素材-11.png */ = {isa = PBXFileReference; lastKnownFileType = image.png; path = "アプリ趣味研素材-11.png"; sourceTree = "<group>"; };
		9D293F4F1AB19FA900E3EE29 /* アプリ趣味研素材-12.png */ = {isa = PBXFileReference; lastKnownFileType = image.png; path = "アプリ趣味研素材-12.png"; sourceTree = "<group>"; };
		9D293F501AB19FA900E3EE29 /* アプリ趣味研素材-13.png */ = {isa = PBXFileReference; lastKnownFileType = image.png; path = "アプリ趣味研素材-13.png"; sourceTree = "<group>"; };
		9D293F511AB19FA900E3EE29 /* アプリ趣味研素材-14.png */ = {isa = PBXFileReference; lastKnownFileType = image.png; path = "アプリ趣味研素材-14.png"; sourceTree = "<group>"; };
		9D293F521AB19FA900E3EE29 /* アプリ趣味研素材-15.png */ = {isa = PBXFileReference; lastKnownFileType = image.png; path = "アプリ趣味研素材-15.png"; sourceTree = "<group>"; };
		9D293F531AB19FA900E3EE29 /* アプリ趣味研素材-16.png */ = {isa = PBXFileReference; lastKnownFileType = image.png; path = "アプリ趣味研素材-16.png"; sourceTree = "<group>"; };
		9D293F541AB19FA900E3EE29 /* アプリ趣味研素材-17.png */ = {isa = PBXFileReference; lastKnownFileType = image.png; path = "アプリ趣味研素材-17.png"; sourceTree = "<group>"; };
		9D293F551AB19FA900E3EE29 /* アプリ趣味研素材-18.png */ = {isa = PBXFileReference; lastKnownFileType = image.png; path = "アプリ趣味研素材-18.png"; sourceTree = "<group>"; };
		9D293F561AB19FA900E3EE29 /* アプリ趣味研素材-19.png */ = {isa = PBXFileReference; lastKnownFileType = image.png; path = "アプリ趣味研素材-19.png"; sourceTree = "<group>"; };
		9D293F571AB19FA900E3EE29 /* アプリ趣味研素材-20.png */ = {isa = PBXFileReference; lastKnownFileType = image.png; path = "アプリ趣味研素材-20.png"; sourceTree = "<group>"; };
		9D293F581AB19FA900E3EE29 /* アプリ趣味研素材-21.png */ = {isa = PBXFileReference; lastKnownFileType = image.png; path = "アプリ趣味研素材-21.png"; sourceTree = "<group>"; };
		9D293F591AB19FA900E3EE29 /* アプリ趣味研素材-22.png */ = {isa = PBXFileReference; lastKnownFileType = image.png; path = "アプリ趣味研素材-22.png"; sourceTree = "<group>"; };
		9D293F5B1AB19FA900E3EE29 /* アプリ趣味研素材-24.png */ = {isa = PBXFileReference; lastKnownFileType = image.png; path = "アプリ趣味研素材-24.png"; sourceTree = "<group>"; };
		9D293F5C1AB19FA900E3EE29 /* アプリ趣味研素材-25.png */ = {isa = PBXFileReference; lastKnownFileType = image.png; path = "アプリ趣味研素材-25.png"; sourceTree = "<group>"; };
		9D293F5D1AB19FA900E3EE29 /* アプリ趣味研素材-26.png */ = {isa = PBXFileReference; lastKnownFileType = image.png; path = "アプリ趣味研素材-26.png"; sourceTree = "<group>"; };
		9D293F5E1AB19FA900E3EE29 /* アプリ趣味研素材-27.png */ = {isa = PBXFileReference; lastKnownFileType = image.png; path = "アプリ趣味研素材-27.png"; sourceTree = "<group>"; };
		9D293F5F1AB19FA900E3EE29 /* アプリ趣味研素材-28.png */ = {isa = PBXFileReference; lastKnownFileType = image.png; path = "アプリ趣味研素材-28.png"; sourceTree = "<group>"; };
		9D293F601AB19FA900E3EE29 /* アプリ趣味研素材-29.png */ = {isa = PBXFileReference; lastKnownFileType = image.png; path = "アプリ趣味研素材-29.png"; sourceTree = "<group>"; };
		9D293F611AB19FA900E3EE29 /* アプリ趣味研素材-30.png */ = {isa = PBXFileReference; lastKnownFileType = image.png; path = "アプリ趣味研素材-30.png"; sourceTree = "<group>"; };
		9D293F621AB19FA900E3EE29 /* アプリ趣味研素材-31.png */ = {isa = PBXFileReference; lastKnownFileType = image.png; path = "アプリ趣味研素材-31.png"; sourceTree = "<group>"; };
		9D293F631AB19FA900E3EE29 /* アプリ趣味研素材-32.png */ = {isa = PBXFileReference; lastKnownFileType = image.png; path = "アプリ趣味研素材-32.png"; sourceTree = "<group>"; };
		9D293F641AB19FA900E3EE29 /* アプリ趣味研素材-33.png */ = {isa = PBXFileReference; lastKnownFileType = image.png; path = "アプリ趣味研素材-33.png"; sourceTree = "<group>"; };
		9D293F651AB19FA900E3EE29 /* アプリ趣味研素材-34.png */ = {isa = PBXFileReference; lastKnownFileType = image.png; path = "アプリ趣味研素材-34.png"; sourceTree = "<group>"; };
		9D293F661AB19FA900E3EE29 /* アプリ趣味研素材-35.png */ = {isa = PBXFileReference; lastKnownFileType = image.png; path = "アプリ趣味研素材-35.png"; sourceTree = "<group>"; };
		9D293F671AB19FA900E3EE29 /* アプリ趣味研素材-36.png */ = {isa = PBXFileReference; lastKnownFileType = image.png; path = "アプリ趣味研素材-36.png"; sourceTree = "<group>"; };
		9D293F681AB19FA900E3EE29 /* アプリ趣味研素材-37.png */ = {isa = PBXFileReference; lastKnownFileType = image.png; path = "アプリ趣味研素材-37.png"; sourceTree = "<group>"; };
		9D293F691AB19FA900E3EE29 /* アプリ趣味研素材-38.png */ = {isa = PBXFileReference; lastKnownFileType = image.png; path = "アプリ趣味研素材-38.png"; sourceTree = "<group>"; };
		9D293F6A1AB19FA900E3EE29 /* アプリ趣味研素材-39.png */ = {isa = PBXFileReference; lastKnownFileType = image.png; path = "アプリ趣味研素材-39.png"; sourceTree = "<group>"; };
		9D293F6B1AB19FA900E3EE29 /* アプリ趣味研素材-40.png */ = {isa = PBXFileReference; lastKnownFileType = image.png; path = "アプリ趣味研素材-40.png"; sourceTree = "<group>"; };
		9D293F6C1AB19FA900E3EE29 /* アプリ趣味研素材-41.png */ = {isa = PBXFileReference; lastKnownFileType = image.png; path = "アプリ趣味研素材-41.png"; sourceTree = "<group>"; };
		9D3B06081A89D51A00E30A9F /* foodViewController.h */ = {isa = PBXFileReference; fileEncoding = 4; lastKnownFileType = sourcecode.c.h; path = foodViewController.h; sourceTree = "<group>"; };
		9D3B06091A89D51A00E30A9F /* foodViewController.m */ = {isa = PBXFileReference; fileEncoding = 4; lastKnownFileType = sourcecode.c.objc; path = foodViewController.m; sourceTree = "<group>"; };
		9D3B060B1A89DD2900E30A9F /* Main.storyboard */ = {isa = PBXFileReference; fileEncoding = 4; lastKnownFileType = file.storyboard; path = Main.storyboard; sourceTree = "<group>"; };
		9D3B060D1A8A11C600E30A9F /* fooddetailViewController.h */ = {isa = PBXFileReference; fileEncoding = 4; lastKnownFileType = sourcecode.c.h; path = fooddetailViewController.h; sourceTree = "<group>"; };
		9D3B060E1A8A11C600E30A9F /* fooddetailViewController.m */ = {isa = PBXFileReference; fileEncoding = 4; lastKnownFileType = sourcecode.c.objc; path = fooddetailViewController.m; sourceTree = "<group>"; };
		9D4873871A8F551F0038F8EA /* ExhibitonDetailViewController.h */ = {isa = PBXFileReference; fileEncoding = 4; lastKnownFileType = sourcecode.c.h; path = ExhibitonDetailViewController.h; sourceTree = "<group>"; };
		9D4873881A8F551F0038F8EA /* ExhibitonDetailViewController.m */ = {isa = PBXFileReference; fileEncoding = 4; lastKnownFileType = sourcecode.c.objc; path = ExhibitonDetailViewController.m; sourceTree = "<group>"; };
		9D52EB311A9349BE0099A416 /* PosterCell.h */ = {isa = PBXFileReference; fileEncoding = 4; lastKnownFileType = sourcecode.c.h; path = PosterCell.h; sourceTree = "<group>"; };
		9D52EB321A9349BE0099A416 /* PosterCell.m */ = {isa = PBXFileReference; fileEncoding = 4; lastKnownFileType = sourcecode.c.objc; path = PosterCell.m; sourceTree = "<group>"; };
		9D5434DB1A80DA2200FE3C94 /* foodCell.h */ = {isa = PBXFileReference; fileEncoding = 4; lastKnownFileType = sourcecode.c.h; path = foodCell.h; sourceTree = "<group>"; };
		9D5434DC1A80DA2200FE3C94 /* foodCell.m */ = {isa = PBXFileReference; fileEncoding = 4; lastKnownFileType = sourcecode.c.objc; path = foodCell.m; sourceTree = "<group>"; };
		9D558571198383220018B460 /* SeikoFestaapp.app */ = {isa = PBXFileReference; explicitFileType = wrapper.application; includeInIndex = 0; path = SeikoFestaapp.app; sourceTree = BUILT_PRODUCTS_DIR; };
		9D558574198383220018B460 /* Foundation.framework */ = {isa = PBXFileReference; lastKnownFileType = wrapper.framework; name = Foundation.framework; path = System/Library/Frameworks/Foundation.framework; sourceTree = SDKROOT; };
		9D558576198383220018B460 /* CoreGraphics.framework */ = {isa = PBXFileReference; lastKnownFileType = wrapper.framework; name = CoreGraphics.framework; path = System/Library/Frameworks/CoreGraphics.framework; sourceTree = SDKROOT; };
		9D558578198383220018B460 /* UIKit.framework */ = {isa = PBXFileReference; lastKnownFileType = wrapper.framework; name = UIKit.framework; path = System/Library/Frameworks/UIKit.framework; sourceTree = SDKROOT; };
		9D55857C198383220018B460 /* SeikoFestaapp-Info.plist */ = {isa = PBXFileReference; lastKnownFileType = text.plist.xml; path = "SeikoFestaapp-Info.plist"; sourceTree = "<group>"; };
		9D55857E198383220018B460 /* en */ = {isa = PBXFileReference; lastKnownFileType = text.plist.strings; name = en; path = en.lproj/InfoPlist.strings; sourceTree = "<group>"; };
		9D558580198383220018B460 /* main.m */ = {isa = PBXFileReference; lastKnownFileType = sourcecode.c.objc; path = main.m; sourceTree = "<group>"; };
		9D558582198383220018B460 /* SeikoFestaapp-Prefix.pch */ = {isa = PBXFileReference; lastKnownFileType = sourcecode.c.h; path = "SeikoFestaapp-Prefix.pch"; sourceTree = "<group>"; };
		9D558583198383220018B460 /* AppDelegate.h */ = {isa = PBXFileReference; lastKnownFileType = sourcecode.c.h; path = AppDelegate.h; sourceTree = "<group>"; };
		9D558584198383220018B460 /* AppDelegate.m */ = {isa = PBXFileReference; lastKnownFileType = sourcecode.c.objc; path = AppDelegate.m; sourceTree = "<group>"; };
		9D558589198383220018B460 /* ViewController.h */ = {isa = PBXFileReference; lastKnownFileType = sourcecode.c.h; path = ViewController.h; sourceTree = "<group>"; };
		9D55858A198383220018B460 /* ViewController.m */ = {isa = PBXFileReference; lastKnownFileType = sourcecode.c.objc; path = ViewController.m; sourceTree = "<group>"; };
		9D55858C198383220018B460 /* Images.xcassets */ = {isa = PBXFileReference; lastKnownFileType = folder.assetcatalog; path = Images.xcassets; sourceTree = "<group>"; };
		9D558592198383220018B460 /* SeikoFestaappTests.xctest */ = {isa = PBXFileReference; explicitFileType = wrapper.cfbundle; includeInIndex = 0; path = SeikoFestaappTests.xctest; sourceTree = BUILT_PRODUCTS_DIR; };
		9D558593198383220018B460 /* XCTest.framework */ = {isa = PBXFileReference; lastKnownFileType = wrapper.framework; name = XCTest.framework; path = Library/Frameworks/XCTest.framework; sourceTree = DEVELOPER_DIR; };
		9D55859B198383220018B460 /* SeikoFestaappTests-Info.plist */ = {isa = PBXFileReference; lastKnownFileType = text.plist.xml; path = "SeikoFestaappTests-Info.plist"; sourceTree = "<group>"; };
		9D55859D198383220018B460 /* en */ = {isa = PBXFileReference; lastKnownFileType = text.plist.strings; name = en; path = en.lproj/InfoPlist.strings; sourceTree = "<group>"; };
		9D55859F198383220018B460 /* SeikoFestaappTests.m */ = {isa = PBXFileReference; lastKnownFileType = sourcecode.c.objc; path = SeikoFestaappTests.m; sourceTree = "<group>"; };
		9D569E831A9C720C0060C361 /* TimetableViewController.h */ = {isa = PBXFileReference; fileEncoding = 4; lastKnownFileType = sourcecode.c.h; path = TimetableViewController.h; sourceTree = "<group>"; };
		9D569E841A9C720C0060C361 /* TimetableViewController.m */ = {isa = PBXFileReference; fileEncoding = 4; lastKnownFileType = sourcecode.c.objc; path = TimetableViewController.m; sourceTree = "<group>"; };
		9D569E861A9C73760060C361 /* TimetableDetailViewController.h */ = {isa = PBXFileReference; fileEncoding = 4; lastKnownFileType = sourcecode.c.h; path = TimetableDetailViewController.h; sourceTree = "<group>"; };
		9D569E871A9C73760060C361 /* TimetableDetailViewController.m */ = {isa = PBXFileReference; fileEncoding = 4; lastKnownFileType = sourcecode.c.objc; path = TimetableDetailViewController.m; sourceTree = "<group>"; };
		9D569E891A9C74530060C361 /* concerts.jpg */ = {isa = PBXFileReference; lastKnownFileType = image.jpeg; path = concerts.jpg; sourceTree = "<group>"; };
		9D569E8A1A9C74530060C361 /* Timetable-Image.png */ = {isa = PBXFileReference; lastKnownFileType = image.png; path = "Timetable-Image.png"; sourceTree = "<group>"; };
		9D569E8B1A9C74530060C361 /* Timetable-4-inch.png */ = {isa = PBXFileReference; lastKnownFileType = image.png; path = "Timetable-4-inch.png"; sourceTree = "<group>"; };
		9D5DFC701AA5C34200AE2E49 /* MBInfiniteScrollCollectionView.h */ = {isa = PBXFileReference; fileEncoding = 4; lastKnownFileType = sourcecode.c.h; path = MBInfiniteScrollCollectionView.h; sourceTree = "<group>"; };
		9D5DFC711AA5C34200AE2E49 /* MBInfiniteScrollCollectionView.m */ = {isa = PBXFileReference; fileEncoding = 4; lastKnownFileType = sourcecode.c.objc; path = MBInfiniteScrollCollectionView.m; sourceTree = "<group>"; };
		9D5DFC721AA5C34200AE2E49 /* MBInfiniteScrollCollectionViewLayout.h */ = {isa = PBXFileReference; fileEncoding = 4; lastKnownFileType = sourcecode.c.h; path = MBInfiniteScrollCollectionViewLayout.h; sourceTree = "<group>"; };
		9D5DFC731AA5C34200AE2E49 /* MBInfiniteScrollCollectionViewLayout.m */ = {isa = PBXFileReference; fileEncoding = 4; lastKnownFileType = sourcecode.c.objc; path = MBInfiniteScrollCollectionViewLayout.m; sourceTree = "<group>"; };
		9D62D68F1AB9140C00E8259C /* InfinitePagingView.h */ = {isa = PBXFileReference; fileEncoding = 4; lastKnownFileType = sourcecode.c.h; path = InfinitePagingView.h; sourceTree = "<group>"; };
		9D62D6901AB9140C00E8259C /* InfinitePagingView.m */ = {isa = PBXFileReference; fileEncoding = 4; lastKnownFileType = sourcecode.c.objc; path = InfinitePagingView.m; sourceTree = "<group>"; };
		9D879C941A77A2DC009F04F5 /* ゲリラダンス.png */ = {isa = PBXFileReference; lastKnownFileType = image.png; path = "ゲリラダンス.png"; sourceTree = "<group>"; };
		9D9498E91A653CBE001B73E9 /* yakitori.jpg */ = {isa = PBXFileReference; lastKnownFileType = image.jpeg; path = yakitori.jpg; sourceTree = "<group>"; };
		9D9498EA1A653CBE001B73E9 /* kebabu.jpeg */ = {isa = PBXFileReference; lastKnownFileType = image.jpeg; path = kebabu.jpeg; sourceTree = "<group>"; };
		9D9498EB1A653CBE001B73E9 /* yakisoba.jpg */ = {isa = PBXFileReference; lastKnownFileType = image.jpeg; path = yakisoba.jpg; sourceTree = "<group>"; };
		9DB1AA7D1AB822ED00D389F8 /* アプリ素材仮１.png */ = {isa = PBXFileReference; lastKnownFileType = image.png; path = "アプリ素材仮１.png"; sourceTree = "<group>"; };
		9DB1AA7F1AB8269B00D389F8 /* ボタン２.png */ = {isa = PBXFileReference; lastKnownFileType = image.png; path = "ボタン２.png"; sourceTree = "<group>"; };
		9DB1AA801AB8269B00D389F8 /* ボタン１.png */ = {isa = PBXFileReference; lastKnownFileType = image.png; path = "ボタン１.png"; sourceTree = "<group>"; };
		9DB1AA811AB8269B00D389F8 /* ボタン３.png */ = {isa = PBXFileReference; lastKnownFileType = image.png; path = "ボタン３.png"; sourceTree = "<group>"; };
		9DB1AA821AB8269B00D389F8 /* ボタン５.png */ = {isa = PBXFileReference; lastKnownFileType = image.png; path = "ボタン５.png"; sourceTree = "<group>"; };
		9DB1AA831AB8269B00D389F8 /* ボタン４.png */ = {isa = PBXFileReference; lastKnownFileType = image.png; path = "ボタン４.png"; sourceTree = "<group>"; };
/* End PBXFileReference section */

/* Begin PBXFrameworksBuildPhase section */
		9D55856E198383220018B460 /* Frameworks */ = {
			isa = PBXFrameworksBuildPhase;
			buildActionMask = 2147483647;
			files = (
				9D558577198383220018B460 /* CoreGraphics.framework in Frameworks */,
				9D558579198383220018B460 /* UIKit.framework in Frameworks */,
				9D558575198383220018B460 /* Foundation.framework in Frameworks */,
			);
			runOnlyForDeploymentPostprocessing = 0;
		};
		9D55858F198383220018B460 /* Frameworks */ = {
			isa = PBXFrameworksBuildPhase;
			buildActionMask = 2147483647;
			files = (
				9D558594198383220018B460 /* XCTest.framework in Frameworks */,
				9D558596198383220018B460 /* UIKit.framework in Frameworks */,
				9D558595198383220018B460 /* Foundation.framework in Frameworks */,
			);
			runOnlyForDeploymentPostprocessing = 0;
		};
/* End PBXFrameworksBuildPhase section */

/* Begin PBXGroup section */
		9D293F431AB19F8300E3EE29 /* アプリ趣味研素材 */ = {
			isa = PBXGroup;
			children = (
				9D293F441AB19FA900E3EE29 /* アプリ趣味研素材-01.png */,
				9D293F451AB19FA900E3EE29 /* アプリ趣味研素材-02.png */,
				9D293F461AB19FA900E3EE29 /* アプリ趣味研素材-03.png */,
				9D293F471AB19FA900E3EE29 /* アプリ趣味研素材-04.png */,
				9D293F481AB19FA900E3EE29 /* アプリ趣味研素材-05.png */,
				9D293F491AB19FA900E3EE29 /* アプリ趣味研素材-06.png */,
				9D293F4A1AB19FA900E3EE29 /* アプリ趣味研素材-07.png */,
				9D293F4B1AB19FA900E3EE29 /* アプリ趣味研素材-08.png */,
				9D293F4C1AB19FA900E3EE29 /* アプリ趣味研素材-09.png */,
				9D293F4D1AB19FA900E3EE29 /* アプリ趣味研素材-10.png */,
				9D293F4E1AB19FA900E3EE29 /* アプリ趣味研素材-11.png */,
				9D293F4F1AB19FA900E3EE29 /* アプリ趣味研素材-12.png */,
				9D293F501AB19FA900E3EE29 /* アプリ趣味研素材-13.png */,
				9D293F511AB19FA900E3EE29 /* アプリ趣味研素材-14.png */,
				9D293F521AB19FA900E3EE29 /* アプリ趣味研素材-15.png */,
				9D293F531AB19FA900E3EE29 /* アプリ趣味研素材-16.png */,
				9D293F541AB19FA900E3EE29 /* アプリ趣味研素材-17.png */,
				9D293F551AB19FA900E3EE29 /* アプリ趣味研素材-18.png */,
				9D293F561AB19FA900E3EE29 /* アプリ趣味研素材-19.png */,
				9D293F571AB19FA900E3EE29 /* アプリ趣味研素材-20.png */,
				9D293F581AB19FA900E3EE29 /* アプリ趣味研素材-21.png */,
				9D293F591AB19FA900E3EE29 /* アプリ趣味研素材-22.png */,
				9D293F5B1AB19FA900E3EE29 /* アプリ趣味研素材-24.png */,
				9D293F5C1AB19FA900E3EE29 /* アプリ趣味研素材-25.png */,
				9D293F5D1AB19FA900E3EE29 /* アプリ趣味研素材-26.png */,
				9D293F5E1AB19FA900E3EE29 /* アプリ趣味研素材-27.png */,
				9D293F5F1AB19FA900E3EE29 /* アプリ趣味研素材-28.png */,
				9D293F601AB19FA900E3EE29 /* アプリ趣味研素材-29.png */,
				9D293F611AB19FA900E3EE29 /* アプリ趣味研素材-30.png */,
				9D293F621AB19FA900E3EE29 /* アプリ趣味研素材-31.png */,
				9D293F631AB19FA900E3EE29 /* アプリ趣味研素材-32.png */,
				9D293F641AB19FA900E3EE29 /* アプリ趣味研素材-33.png */,
				9D293F651AB19FA900E3EE29 /* アプリ趣味研素材-34.png */,
				9D293F661AB19FA900E3EE29 /* アプリ趣味研素材-35.png */,
				9D293F671AB19FA900E3EE29 /* アプリ趣味研素材-36.png */,
				9D293F681AB19FA900E3EE29 /* アプリ趣味研素材-37.png */,
				9D293F691AB19FA900E3EE29 /* アプリ趣味研素材-38.png */,
				9D293F6A1AB19FA900E3EE29 /* アプリ趣味研素材-39.png */,
				9D293F6B1AB19FA900E3EE29 /* アプリ趣味研素材-40.png */,
				9D293F6C1AB19FA900E3EE29 /* アプリ趣味研素材-41.png */,
			);
			name = "アプリ趣味研素材";
			sourceTree = "<group>";
		};
		9D558568198383220018B460 = {
			isa = PBXGroup;
			children = (
				9D55857A198383220018B460 /* SeikoFestaapp */,
				9D558599198383220018B460 /* SeikoFestaappTests */,
				9D558573198383220018B460 /* Frameworks */,
				9D558572198383220018B460 /* Products */,
			);
			sourceTree = "<group>";
		};
		9D558572198383220018B460 /* Products */ = {
			isa = PBXGroup;
			children = (
				9D558571198383220018B460 /* SeikoFestaapp.app */,
				9D558592198383220018B460 /* SeikoFestaappTests.xctest */,
			);
			name = Products;
			sourceTree = "<group>";
		};
		9D558573198383220018B460 /* Frameworks */ = {
			isa = PBXGroup;
			children = (
				9D558574198383220018B460 /* Foundation.framework */,
				9D558576198383220018B460 /* CoreGraphics.framework */,
				9D558578198383220018B460 /* UIKit.framework */,
				9D558593198383220018B460 /* XCTest.framework */,
			);
			name = Frameworks;
			sourceTree = "<group>";
		};
		9D55857A198383220018B460 /* SeikoFestaapp */ = {
			isa = PBXGroup;
			children = (
				9D62D68D1AB8FBB200E8259C /* 趣味研 */,
				9D62D68C1AB8FB8600E8259C /* 食品 */,
				9D62D68E1AB9140C00E8259C /* Classes */,
				9D293F431AB19F8300E3EE29 /* アプリ趣味研素材 */,
				9D17FBA01A81D678004C0CA0 /* kori.jpeg */,
				9D17FBA11A81D678004C0CA0 /* drink.jpg */,
				9D17FBA21A81D678004C0CA0 /* banana.jpeg */,
				9D17FBA31A81D678004C0CA0 /* okonomiyaki.jpg */,
				9D17FBA41A81D678004C0CA0 /* frankfrut.jpg */,
				9D17FBA51A81D678004C0CA0 /* wataame.jpg */,
				9D879C941A77A2DC009F04F5 /* ゲリラダンス.png */,
				9D17FB9F1A81D678004C0CA0 /* kure-pu.jpg */,
				9D9498E91A653CBE001B73E9 /* yakitori.jpg */,
				9D9498EA1A653CBE001B73E9 /* kebabu.jpeg */,
				9D9498EB1A653CBE001B73E9 /* yakisoba.jpg */,
				9DB1AA7D1AB822ED00D389F8 /* アプリ素材仮１.png */,
				9D1DB3951A5D445200126078 /* 聖光祭　ロゴ.png */,
				9D569E891A9C74530060C361 /* concerts.jpg */,
				9D569E8A1A9C74530060C361 /* Timetable-Image.png */,
				9D569E8B1A9C74530060C361 /* Timetable-4-inch.png */,
				9DB1AA7F1AB8269B00D389F8 /* ボタン２.png */,
				9DB1AA801AB8269B00D389F8 /* ボタン１.png */,
				9DB1AA811AB8269B00D389F8 /* ボタン３.png */,
				9DB1AA821AB8269B00D389F8 /* ボタン５.png */,
				9DB1AA831AB8269B00D389F8 /* ボタン４.png */,
				9D3B060B1A89DD2900E30A9F /* Main.storyboard */,
				9D5DFC701AA5C34200AE2E49 /* MBInfiniteScrollCollectionView.h */,
				9D5DFC711AA5C34200AE2E49 /* MBInfiniteScrollCollectionView.m */,
				9D5DFC721AA5C34200AE2E49 /* MBInfiniteScrollCollectionViewLayout.h */,
				9D5DFC731AA5C34200AE2E49 /* MBInfiniteScrollCollectionViewLayout.m */,
				9D558589198383220018B460 /* ViewController.h */,
				9D55858A198383220018B460 /* ViewController.m */,
				9D52EB311A9349BE0099A416 /* PosterCell.h */,
				9D52EB321A9349BE0099A416 /* PosterCell.m */,
				9D569E831A9C720C0060C361 /* TimetableViewController.h */,
				9D569E841A9C720C0060C361 /* TimetableViewController.m */,
				9D569E861A9C73760060C361 /* TimetableDetailViewController.h */,
				9D569E871A9C73760060C361 /* TimetableDetailViewController.m */,
				9D558583198383220018B460 /* AppDelegate.h */,
				9D558584198383220018B460 /* AppDelegate.m */,
				9D55858C198383220018B460 /* Images.xcassets */,
				9D55857B198383220018B460 /* Supporting Files */,
			);
			path = SeikoFestaapp;
			sourceTree = "<group>";
		};
		9D55857B198383220018B460 /* Supporting Files */ = {
			isa = PBXGroup;
			children = (
				9D55857C198383220018B460 /* SeikoFestaapp-Info.plist */,
				9D55857D198383220018B460 /* InfoPlist.strings */,
				9D558580198383220018B460 /* main.m */,
				9D558582198383220018B460 /* SeikoFestaapp-Prefix.pch */,
			);
			name = "Supporting Files";
			sourceTree = "<group>";
		};
		9D558599198383220018B460 /* SeikoFestaappTests */ = {
			isa = PBXGroup;
			children = (
				9D55859F198383220018B460 /* SeikoFestaappTests.m */,
				9D55859A198383220018B460 /* Supporting Files */,
			);
			path = SeikoFestaappTests;
			sourceTree = "<group>";
		};
		9D55859A198383220018B460 /* Supporting Files */ = {
			isa = PBXGroup;
			children = (
				9D55859B198383220018B460 /* SeikoFestaappTests-Info.plist */,
				9D55859C198383220018B460 /* InfoPlist.strings */,
			);
			name = "Supporting Files";
			sourceTree = "<group>";
		};
		9D62D68C1AB8FB8600E8259C /* 食品 */ = {
			isa = PBXGroup;
			children = (
				9D5434DB1A80DA2200FE3C94 /* foodCell.h */,
				9D5434DC1A80DA2200FE3C94 /* foodCell.m */,
				9D3B06081A89D51A00E30A9F /* foodViewController.h */,
				9D3B06091A89D51A00E30A9F /* foodViewController.m */,
				9D3B060D1A8A11C600E30A9F /* fooddetailViewController.h */,
				9D3B060E1A8A11C600E30A9F /* fooddetailViewController.m */,
			);
			name = "食品";
			sourceTree = "<group>";
		};
		9D62D68D1AB8FBB200E8259C /* 趣味研 */ = {
			isa = PBXGroup;
			children = (
				9D17FBAD1A81E12F004C0CA0 /* exhibitonViewController.h */,
				9D17FBAE1A81E12F004C0CA0 /* exhibitonViewController.m */,
				9D4873871A8F551F0038F8EA /* ExhibitonDetailViewController.h */,
				9D4873881A8F551F0038F8EA /* ExhibitonDetailViewController.m */,
				9D17FBB01A83A081004C0CA0 /* exhibitionCell.h */,
				9D17FBB11A83A081004C0CA0 /* exhibitionCell.m */,
			);
			name = "趣味研";
			sourceTree = "<group>";
		};
		9D62D68E1AB9140C00E8259C /* Classes */ = {
			isa = PBXGroup;
			children = (
				9D62D68F1AB9140C00E8259C /* InfinitePagingView.h */,
				9D62D6901AB9140C00E8259C /* InfinitePagingView.m */,
			);
			path = Classes;
			sourceTree = "<group>";
		};
/* End PBXGroup section */

/* Begin PBXNativeTarget section */
		9D558570198383220018B460 /* SeikoFestaapp */ = {
			isa = PBXNativeTarget;
			buildConfigurationList = 9D5585A3198383220018B460 /* Build configuration list for PBXNativeTarget "SeikoFestaapp" */;
			buildPhases = (
				9D55856D198383220018B460 /* Sources */,
				9D55856E198383220018B460 /* Frameworks */,
				9D55856F198383220018B460 /* Resources */,
			);
			buildRules = (
			);
			dependencies = (
			);
			name = SeikoFestaapp;
			productName = SeikoFestaapp;
			productReference = 9D558571198383220018B460 /* SeikoFestaapp.app */;
			productType = "com.apple.product-type.application";
		};
		9D558591198383220018B460 /* SeikoFestaappTests */ = {
			isa = PBXNativeTarget;
			buildConfigurationList = 9D5585A6198383220018B460 /* Build configuration list for PBXNativeTarget "SeikoFestaappTests" */;
			buildPhases = (
				9D55858E198383220018B460 /* Sources */,
				9D55858F198383220018B460 /* Frameworks */,
				9D558590198383220018B460 /* Resources */,
			);
			buildRules = (
			);
			dependencies = (
				9D558598198383220018B460 /* PBXTargetDependency */,
			);
			name = SeikoFestaappTests;
			productName = SeikoFestaappTests;
			productReference = 9D558592198383220018B460 /* SeikoFestaappTests.xctest */;
			productType = "com.apple.product-type.bundle.unit-test";
		};
/* End PBXNativeTarget section */

/* Begin PBXProject section */
		9D558569198383220018B460 /* Project object */ = {
			isa = PBXProject;
			attributes = {
				LastUpgradeCheck = 0510;
				ORGANIZATIONNAME = SatoshiNinomiya;
				TargetAttributes = {
					9D558591198383220018B460 = {
						TestTargetID = 9D558570198383220018B460;
					};
				};
			};
			buildConfigurationList = 9D55856C198383220018B460 /* Build configuration list for PBXProject "SeikoFestaapp" */;
			compatibilityVersion = "Xcode 3.2";
			developmentRegion = English;
			hasScannedForEncodings = 0;
			knownRegions = (
				en,
				Base,
			);
			mainGroup = 9D558568198383220018B460;
			productRefGroup = 9D558572198383220018B460 /* Products */;
			projectDirPath = "";
			projectRoot = "";
			targets = (
				9D558570198383220018B460 /* SeikoFestaapp */,
				9D558591198383220018B460 /* SeikoFestaappTests */,
			);
		};
/* End PBXProject section */

/* Begin PBXResourcesBuildPhase section */
		9D55856F198383220018B460 /* Resources */ = {
			isa = PBXResourcesBuildPhase;
			buildActionMask = 2147483647;
			files = (
				9D293F8F1AB19FA900E3EE29 /* アプリ趣味研素材-34.png in Resources */,
				9D293F8D1AB19FA900E3EE29 /* アプリ趣味研素材-32.png in Resources */,
				9D293F881AB19FA900E3EE29 /* アプリ趣味研素材-27.png in Resources */,
				9D293F821AB19FA900E3EE29 /* アプリ趣味研素材-21.png in Resources */,
				9D293F7E1AB19FA900E3EE29 /* アプリ趣味研素材-17.png in Resources */,
				9D293F921AB19FA900E3EE29 /* アプリ趣味研素材-37.png in Resources */,
				9D293F891AB19FA900E3EE29 /* アプリ趣味研素材-28.png in Resources */,
				9D293F791AB19FA900E3EE29 /* アプリ趣味研素材-12.png in Resources */,
				9D293F7A1AB19FA900E3EE29 /* アプリ趣味研素材-13.png in Resources */,
				9D17FBA61A81D678004C0CA0 /* kure-pu.jpg in Resources */,
				9D293F711AB19FA900E3EE29 /* アプリ趣味研素材-04.png in Resources */,
				9D293F781AB19FA900E3EE29 /* アプリ趣味研素材-11.png in Resources */,
				9D293F941AB19FA900E3EE29 /* アプリ趣味研素材-39.png in Resources */,
				9D879C951A77A2DC009F04F5 /* ゲリラダンス.png in Resources */,
				9D293F7C1AB19FA900E3EE29 /* アプリ趣味研素材-15.png in Resources */,
				9DB1AA851AB8269B00D389F8 /* ボタン１.png in Resources */,
				9DB1AA7E1AB822ED00D389F8 /* アプリ素材仮１.png in Resources */,
				9D293F851AB19FA900E3EE29 /* アプリ趣味研素材-24.png in Resources */,
				9D293F731AB19FA900E3EE29 /* アプリ趣味研素材-06.png in Resources */,
				9D17FBAC1A81D678004C0CA0 /* wataame.jpg in Resources */,
				9D293F721AB19FA900E3EE29 /* アプリ趣味研素材-05.png in Resources */,
				9D55858D198383220018B460 /* Images.xcassets in Resources */,
				9D293F7B1AB19FA900E3EE29 /* アプリ趣味研素材-14.png in Resources */,
				9D9498EE1A653CBE001B73E9 /* yakisoba.jpg in Resources */,
				9D17FBA71A81D678004C0CA0 /* kori.jpeg in Resources */,
				9D293F801AB19FA900E3EE29 /* アプリ趣味研素材-19.png in Resources */,
				9D293F761AB19FA900E3EE29 /* アプリ趣味研素材-09.png in Resources */,
				9D293F961AB19FA900E3EE29 /* アプリ趣味研素材-41.png in Resources */,
				9D293F8A1AB19FA900E3EE29 /* アプリ趣味研素材-29.png in Resources */,
				9D3B060C1A89DD2900E30A9F /* Main.storyboard in Resources */,
				9D9498ED1A653CBE001B73E9 /* kebabu.jpeg in Resources */,
				9D293F8B1AB19FA900E3EE29 /* アプリ趣味研素材-30.png in Resources */,
				9DB1AA871AB8269B00D389F8 /* ボタン５.png in Resources */,
				9D293F8C1AB19FA900E3EE29 /* アプリ趣味研素材-31.png in Resources */,
				9D293F7F1AB19FA900E3EE29 /* アプリ趣味研素材-18.png in Resources */,
				9D9498EC1A653CBE001B73E9 /* yakitori.jpg in Resources */,
				9D17FBAB1A81D678004C0CA0 /* frankfrut.jpg in Resources */,
				9D293F931AB19FA900E3EE29 /* アプリ趣味研素材-38.png in Resources */,
				9D293F771AB19FA900E3EE29 /* アプリ趣味研素材-10.png in Resources */,
				9D293F751AB19FA900E3EE29 /* アプリ趣味研素材-08.png in Resources */,
				9D293F861AB19FA900E3EE29 /* アプリ趣味研素材-25.png in Resources */,
				9D293F831AB19FA900E3EE29 /* アプリ趣味研素材-22.png in Resources */,
				9D55857F198383220018B460 /* InfoPlist.strings in Resources */,
				9D293F911AB19FA900E3EE29 /* アプリ趣味研素材-36.png in Resources */,
				9D17FBA91A81D678004C0CA0 /* banana.jpeg in Resources */,
				9D293F741AB19FA900E3EE29 /* アプリ趣味研素材-07.png in Resources */,
				9D293F701AB19FA900E3EE29 /* アプリ趣味研素材-03.png in Resources */,
				9D293F8E1AB19FA900E3EE29 /* アプリ趣味研素材-33.png in Resources */,
				9D293F871AB19FA900E3EE29 /* アプリ趣味研素材-26.png in Resources */,
				9D293F6E1AB19FA900E3EE29 /* アプリ趣味研素材-01.png in Resources */,
				9D293F7D1AB19FA900E3EE29 /* アプリ趣味研素材-16.png in Resources */,
				9D293F901AB19FA900E3EE29 /* アプリ趣味研素材-35.png in Resources */,
				9D569E8C1A9C74530060C361 /* concerts.jpg in Resources */,
				9D293F811AB19FA900E3EE29 /* アプリ趣味研素材-20.png in Resources */,
				9DB1AA881AB8269B00D389F8 /* ボタン４.png in Resources */,
				9D569E8D1A9C74530060C361 /* Timetable-Image.png in Resources */,
				9D293F6F1AB19FA900E3EE29 /* アプリ趣味研素材-02.png in Resources */,
				9DB1AA861AB8269B00D389F8 /* ボタン３.png in Resources */,
				9D293F951AB19FA900E3EE29 /* アプリ趣味研素材-40.png in Resources */,
				9D17FBA81A81D678004C0CA0 /* drink.jpg in Resources */,
				9DB1AA841AB8269B00D389F8 /* ボタン２.png in Resources */,
				9D1DB3961A5D445200126078 /* 聖光祭　ロゴ.png in Resources */,
				9D569E8E1A9C74530060C361 /* Timetable-4-inch.png in Resources */,
				9D17FBAA1A81D678004C0CA0 /* okonomiyaki.jpg in Resources */,
			);
			runOnlyForDeploymentPostprocessing = 0;
		};
		9D558590198383220018B460 /* Resources */ = {
			isa = PBXResourcesBuildPhase;
			buildActionMask = 2147483647;
			files = (
				9D55859E198383220018B460 /* InfoPlist.strings in Resources */,
			);
			runOnlyForDeploymentPostprocessing = 0;
		};
/* End PBXResourcesBuildPhase section */

/* Begin PBXSourcesBuildPhase section */
		9D55856D198383220018B460 /* Sources */ = {
			isa = PBXSourcesBuildPhase;
			buildActionMask = 2147483647;
			files = (
				9D5DFC741AA5C34200AE2E49 /* MBInfiniteScrollCollectionView.m in Sources */,
				9D52EB331A9349BE0099A416 /* PosterCell.m in Sources */,
				9D55858B198383220018B460 /* ViewController.m in Sources */,
				9D569E851A9C720C0060C361 /* TimetableViewController.m in Sources */,
				9D558585198383220018B460 /* AppDelegate.m in Sources */,
				9D4873891A8F551F0038F8EA /* ExhibitonDetailViewController.m in Sources */,
				9D17FBB21A83A081004C0CA0 /* exhibitionCell.m in Sources */,
				9D558581198383220018B460 /* main.m in Sources */,
				9D569E881A9C73760060C361 /* TimetableDetailViewController.m in Sources */,
				9D5434DD1A80DA2200FE3C94 /* foodCell.m in Sources */,
				9D5DFC751AA5C34200AE2E49 /* MBInfiniteScrollCollectionViewLayout.m in Sources */,
				9D62D6911AB9140C00E8259C /* InfinitePagingView.m in Sources */,
				9D3B060A1A89D51A00E30A9F /* foodViewController.m in Sources */,
				9D17FBAF1A81E12F004C0CA0 /* exhibitonViewController.m in Sources */,
				9D3B060F1A8A11C600E30A9F /* fooddetailViewController.m in Sources */,
			);
			runOnlyForDeploymentPostprocessing = 0;
		};
		9D55858E198383220018B460 /* Sources */ = {
			isa = PBXSourcesBuildPhase;
			buildActionMask = 2147483647;
			files = (
				9D5585A0198383220018B460 /* SeikoFestaappTests.m in Sources */,
			);
			runOnlyForDeploymentPostprocessing = 0;
		};
/* End PBXSourcesBuildPhase section */

/* Begin PBXTargetDependency section */
		9D558598198383220018B460 /* PBXTargetDependency */ = {
			isa = PBXTargetDependency;
			target = 9D558570198383220018B460 /* SeikoFestaapp */;
			targetProxy = 9D558597198383220018B460 /* PBXContainerItemProxy */;
		};
/* End PBXTargetDependency section */

/* Begin PBXVariantGroup section */
		9D55857D198383220018B460 /* InfoPlist.strings */ = {
			isa = PBXVariantGroup;
			children = (
				9D55857E198383220018B460 /* en */,
			);
			name = InfoPlist.strings;
			sourceTree = "<group>";
		};
		9D55859C198383220018B460 /* InfoPlist.strings */ = {
			isa = PBXVariantGroup;
			children = (
				9D55859D198383220018B460 /* en */,
			);
			name = InfoPlist.strings;
			sourceTree = "<group>";
		};
/* End PBXVariantGroup section */

/* Begin XCBuildConfiguration section */
		9D5585A1198383220018B460 /* Debug */ = {
			isa = XCBuildConfiguration;
			buildSettings = {
				ALWAYS_SEARCH_USER_PATHS = NO;
				CLANG_CXX_LANGUAGE_STANDARD = "gnu++0x";
				CLANG_CXX_LIBRARY = "libc++";
				CLANG_ENABLE_MODULES = YES;
				CLANG_ENABLE_OBJC_ARC = YES;
				CLANG_WARN_BOOL_CONVERSION = YES;
				CLANG_WARN_CONSTANT_CONVERSION = YES;
				CLANG_WARN_DIRECT_OBJC_ISA_USAGE = YES_ERROR;
				CLANG_WARN_EMPTY_BODY = YES;
				CLANG_WARN_ENUM_CONVERSION = YES;
				CLANG_WARN_INT_CONVERSION = YES;
				CLANG_WARN_OBJC_ROOT_CLASS = YES_ERROR;
				CLANG_WARN__DUPLICATE_METHOD_MATCH = YES;
				"CODE_SIGN_IDENTITY[sdk=iphoneos*]" = "iPhone Developer";
				COPY_PHASE_STRIP = NO;
				GCC_C_LANGUAGE_STANDARD = gnu99;
				GCC_DYNAMIC_NO_PIC = NO;
				GCC_OPTIMIZATION_LEVEL = 0;
				GCC_PREPROCESSOR_DEFINITIONS = (
					"DEBUG=1",
					"$(inherited)",
				);
				GCC_SYMBOLS_PRIVATE_EXTERN = NO;
				GCC_WARN_64_TO_32_BIT_CONVERSION = YES;
				GCC_WARN_ABOUT_RETURN_TYPE = YES_ERROR;
				GCC_WARN_UNDECLARED_SELECTOR = YES;
				GCC_WARN_UNINITIALIZED_AUTOS = YES_AGGRESSIVE;
				GCC_WARN_UNUSED_FUNCTION = YES;
				GCC_WARN_UNUSED_VARIABLE = YES;
				IPHONEOS_DEPLOYMENT_TARGET = 7.1;
				ONLY_ACTIVE_ARCH = YES;
				SDKROOT = iphoneos;
			};
			name = Debug;
		};
		9D5585A2198383220018B460 /* Release */ = {
			isa = XCBuildConfiguration;
			buildSettings = {
				ALWAYS_SEARCH_USER_PATHS = NO;
				CLANG_CXX_LANGUAGE_STANDARD = "gnu++0x";
				CLANG_CXX_LIBRARY = "libc++";
				CLANG_ENABLE_MODULES = YES;
				CLANG_ENABLE_OBJC_ARC = YES;
				CLANG_WARN_BOOL_CONVERSION = YES;
				CLANG_WARN_CONSTANT_CONVERSION = YES;
				CLANG_WARN_DIRECT_OBJC_ISA_USAGE = YES_ERROR;
				CLANG_WARN_EMPTY_BODY = YES;
				CLANG_WARN_ENUM_CONVERSION = YES;
				CLANG_WARN_INT_CONVERSION = YES;
				CLANG_WARN_OBJC_ROOT_CLASS = YES_ERROR;
				CLANG_WARN__DUPLICATE_METHOD_MATCH = YES;
				"CODE_SIGN_IDENTITY[sdk=iphoneos*]" = "iPhone Developer";
				COPY_PHASE_STRIP = YES;
				ENABLE_NS_ASSERTIONS = NO;
				GCC_C_LANGUAGE_STANDARD = gnu99;
				GCC_WARN_64_TO_32_BIT_CONVERSION = YES;
				GCC_WARN_ABOUT_RETURN_TYPE = YES_ERROR;
				GCC_WARN_UNDECLARED_SELECTOR = YES;
				GCC_WARN_UNINITIALIZED_AUTOS = YES_AGGRESSIVE;
				GCC_WARN_UNUSED_FUNCTION = YES;
				GCC_WARN_UNUSED_VARIABLE = YES;
				IPHONEOS_DEPLOYMENT_TARGET = 7.1;
				SDKROOT = iphoneos;
				VALIDATE_PRODUCT = YES;
			};
			name = Release;
		};
		9D5585A4198383220018B460 /* Debug */ = {
			isa = XCBuildConfiguration;
			buildSettings = {
				ASSETCATALOG_COMPILER_APPICON_NAME = AppIcon;
				ASSETCATALOG_COMPILER_LAUNCHIMAGE_NAME = LaunchImage;
				GCC_PRECOMPILE_PREFIX_HEADER = YES;
				GCC_PREFIX_HEADER = "SeikoFestaapp/SeikoFestaapp-Prefix.pch";
				INFOPLIST_FILE = "SeikoFestaapp/SeikoFestaapp-Info.plist";
				PRODUCT_NAME = "$(TARGET_NAME)";
				WRAPPER_EXTENSION = app;
			};
			name = Debug;
		};
		9D5585A5198383220018B460 /* Release */ = {
			isa = XCBuildConfiguration;
			buildSettings = {
				ASSETCATALOG_COMPILER_APPICON_NAME = AppIcon;
				ASSETCATALOG_COMPILER_LAUNCHIMAGE_NAME = LaunchImage;
				GCC_PRECOMPILE_PREFIX_HEADER = YES;
				GCC_PREFIX_HEADER = "SeikoFestaapp/SeikoFestaapp-Prefix.pch";
				INFOPLIST_FILE = "SeikoFestaapp/SeikoFestaapp-Info.plist";
				PRODUCT_NAME = "$(TARGET_NAME)";
				WRAPPER_EXTENSION = app;
			};
			name = Release;
		};
		9D5585A7198383220018B460 /* Debug */ = {
			isa = XCBuildConfiguration;
			buildSettings = {
				BUNDLE_LOADER = "$(BUILT_PRODUCTS_DIR)/SeikoFestaapp.app/SeikoFestaapp";
				FRAMEWORK_SEARCH_PATHS = (
					"$(SDKROOT)/Developer/Library/Frameworks",
					"$(inherited)",
					"$(DEVELOPER_FRAMEWORKS_DIR)",
				);
				GCC_PRECOMPILE_PREFIX_HEADER = YES;
				GCC_PREFIX_HEADER = "SeikoFestaapp/SeikoFestaapp-Prefix.pch";
				GCC_PREPROCESSOR_DEFINITIONS = (
					"DEBUG=1",
					"$(inherited)",
				);
				INFOPLIST_FILE = "SeikoFestaappTests/SeikoFestaappTests-Info.plist";
				PRODUCT_NAME = "$(TARGET_NAME)";
				TEST_HOST = "$(BUNDLE_LOADER)";
				WRAPPER_EXTENSION = xctest;
			};
			name = Debug;
		};
		9D5585A8198383220018B460 /* Release */ = {
			isa = XCBuildConfiguration;
			buildSettings = {
				BUNDLE_LOADER = "$(BUILT_PRODUCTS_DIR)/SeikoFestaapp.app/SeikoFestaapp";
				FRAMEWORK_SEARCH_PATHS = (
					"$(SDKROOT)/Developer/Library/Frameworks",
					"$(inherited)",
					"$(DEVELOPER_FRAMEWORKS_DIR)",
				);
				GCC_PRECOMPILE_PREFIX_HEADER = YES;
				GCC_PREFIX_HEADER = "SeikoFestaapp/SeikoFestaapp-Prefix.pch";
				INFOPLIST_FILE = "SeikoFestaappTests/SeikoFestaappTests-Info.plist";
				PRODUCT_NAME = "$(TARGET_NAME)";
				TEST_HOST = "$(BUNDLE_LOADER)";
				WRAPPER_EXTENSION = xctest;
			};
			name = Release;
		};
/* End XCBuildConfiguration section */

/* Begin XCConfigurationList section */
		9D55856C198383220018B460 /* Build configuration list for PBXProject "SeikoFestaapp" */ = {
			isa = XCConfigurationList;
			buildConfigurations = (
				9D5585A1198383220018B460 /* Debug */,
				9D5585A2198383220018B460 /* Release */,
			);
			defaultConfigurationIsVisible = 0;
			defaultConfigurationName = Release;
		};
		9D5585A3198383220018B460 /* Build configuration list for PBXNativeTarget "SeikoFestaapp" */ = {
			isa = XCConfigurationList;
			buildConfigurations = (
				9D5585A4198383220018B460 /* Debug */,
				9D5585A5198383220018B460 /* Release */,
			);
			defaultConfigurationIsVisible = 0;
			defaultConfigurationName = Release;
		};
		9D5585A6198383220018B460 /* Build configuration list for PBXNativeTarget "SeikoFestaappTests" */ = {
			isa = XCConfigurationList;
			buildConfigurations = (
				9D5585A7198383220018B460 /* Debug */,
				9D5585A8198383220018B460 /* Release */,
			);
			defaultConfigurationIsVisible = 0;
			defaultConfigurationName = Release;
		};
/* End XCConfigurationList section */
	};
	rootObject = 9D558569198383220018B460 /* Project object */;
}
